# THIS IS AN AUTOGENERATED FILE. DO NOT EDIT THIS FILE DIRECTLY.
# yarn lockfile v1


"@vue/devtools-api@^6.0.0-beta.3":
  version "6.0.0-beta.19"
  resolved "https://registry.npmmirror.com/@vue/devtools-api/download/@vue/devtools-api-6.0.0-beta.19.tgz#f8e88059daa424515992426a0c7ea5cde07e99bf"
  integrity sha1-+OiAWdqkJFFZkkJqDH6lzeB+mb8=

vue-composable@^1.0.0-beta.23:
  version "1.0.0-beta.23"
  resolved "https://registry.npmmirror.com/vue-composable/download/vue-composable-1.0.0-beta.23.tgz#1085bcd8360d9ed309ec5c33e8242611790cd5c5"
  integrity sha1-EIW82DYNntMJ7Fwz6CQmEXkM1cU=
  dependencies:
    "@vue/devtools-api" "^6.0.0-beta.3"
